
Microsoft Visual Studio Solution File, Format Version 11.00
# Visual C# Express 2010
Project("{FAE04EC0-301F-11D3-BF4B-00C04F79EFBC}") = "ChapterTwoProblems", "ChapterTwoProblems\ChapterTwoProblems.csproj", "{A1F27D28-1DCD-447A-BF90-6B101E3E66E2}"
EndProject
Project("{FAE04EC0-301F-11D3-BF4B-00C04F79EFBC}") = "Room", "Room\Room.csproj", "{4D9DFFD2-EF87-47FE-BCF3-4B2B678EF8DA}"
EndProject
Project("{FAE04EC0-301F-11D3-BF4B-00C04F79EFBC}") = "Carpet", "Carpet\Carpet.csproj", "{BE92654E-BFBF-43BC-9B7E-254ADB79FABE}"
EndProject
Project("{FAE04EC0-301F-11D3-BF4B-00C04F79EFBC}") = "HoursAndMinutes", "HoursAndMinutes\HoursAndMinutes.csproj", "{0A6304DA-B7F9-4E2A-B7CA-12F8702D5D4E}"
EndProject
Project("{FAE04EC0-301F-11D3-BF4B-00C04F79EFBC}") = "Eggs", "Eggs\Eggs.csproj", "{DA0A9D87-7556-403E-8399-D06AC1E126FB}"
EndProject
Project("{FAE04EC0-301F-11D3-BF4B-00C04F79EFBC}") = "Payroll", "Payroll\Payroll.csproj", "{BB737CE5-12EE-4A29-B8F9-647262B05625}"
EndProject
Global
	GlobalSection(SolutionConfigurationPlatforms) = preSolution
		Debug|x86 = Debug|x86
		Release|x86 = Release|x86
	EndGlobalSection
	GlobalSection(ProjectConfigurationPlatforms) = postSolution
		{A1F27D28-1DCD-447A-BF90-6B101E3E66E2}.Debug|x86.ActiveCfg = Debug|x86
		{A1F27D28-1DCD-447A-BF90-6B101E3E66E2}.Debug|x86.Build.0 = Debug|x86
		{A1F27D28-1DCD-447A-BF90-6B101E3E66E2}.Release|x86.ActiveCfg = Release|x86
		{A1F27D28-1DCD-447A-BF90-6B101E3E66E2}.Release|x86.Build.0 = Release|x86
		{4D9DFFD2-EF87-47FE-BCF3-4B2B678EF8DA}.Debug|x86.ActiveCfg = Debug|x86
		{4D9DFFD2-EF87-47FE-BCF3-4B2B678EF8DA}.Debug|x86.Build.0 = Debug|x86
		{4D9DFFD2-EF87-47FE-BCF3-4B2B678EF8DA}.Release|x86.ActiveCfg = Release|x86
		{4D9DFFD2-EF87-47FE-BCF3-4B2B678EF8DA}.Release|x86.Build.0 = Release|x86
		{BE92654E-BFBF-43BC-9B7E-254ADB79FABE}.Debug|x86.ActiveCfg = Debug|x86
		{BE92654E-BFBF-43BC-9B7E-254ADB79FABE}.Debug|x86.Build.0 = Debug|x86
		{BE92654E-BFBF-43BC-9B7E-254ADB79FABE}.Release|x86.ActiveCfg = Release|x86
		{BE92654E-BFBF-43BC-9B7E-254ADB79FABE}.Release|x86.Build.0 = Release|x86
		{0A6304DA-B7F9-4E2A-B7CA-12F8702D5D4E}.Debug|x86.ActiveCfg = Debug|x86
		{0A6304DA-B7F9-4E2A-B7CA-12F8702D5D4E}.Debug|x86.Build.0 = Debug|x86
		{0A6304DA-B7F9-4E2A-B7CA-12F8702D5D4E}.Release|x86.ActiveCfg = Release|x86
		{0A6304DA-B7F9-4E2A-B7CA-12F8702D5D4E}.Release|x86.Build.0 = Release|x86
		{DA0A9D87-7556-403E-8399-D06AC1E126FB}.Debug|x86.ActiveCfg = Debug|x86
		{DA0A9D87-7556-403E-8399-D06AC1E126FB}.Debug|x86.Build.0 = Debug|x86
		{DA0A9D87-7556-403E-8399-D06AC1E126FB}.Release|x86.ActiveCfg = Release|x86
		{DA0A9D87-7556-403E-8399-D06AC1E126FB}.Release|x86.Build.0 = Release|x86
		{BB737CE5-12EE-4A29-B8F9-647262B05625}.Debug|x86.ActiveCfg = Debug|x86
		{BB737CE5-12EE-4A29-B8F9-647262B05625}.Debug|x86.Build.0 = Debug|x86
		{BB737CE5-12EE-4A29-B8F9-647262B05625}.Release|x86.ActiveCfg = Release|x86
		{BB737CE5-12EE-4A29-B8F9-647262B05625}.Release|x86.Build.0 = Release|x86
	EndGlobalSection
	GlobalSection(SolutionProperties) = preSolution
		HideSolutionNode = FALSE
	EndGlobalSection
EndGlobal
